
Microsoft Visual Studio Solution File, Format Version 12.00
# Visual Studio Version 16
VisualStudioVersion = 16.0.31129.286
MinimumVisualStudioVersion = 10.0.40219.1
Project("{9A19103F-16F7-4668-BE54-9A1E7A4F7556}") = "DataAccess", "DataAccess\DataAccess.csproj", "{3CB399BF-0DAD-4F72-A585-06003535D590}"
EndProject
Project("{9A19103F-16F7-4668-BE54-9A1E7A4F7556}") = "Business", "Business\Business.csproj", "{5D509D84-B4B7-4497-A978-41CE5F4ABE05}"
EndProject
Project("{9A19103F-16F7-4668-BE54-9A1E7A4F7556}") = "Entities", "Entities\Entities.csproj", "{FEC0F78B-0FB7-4414-AE93-80AD99C1EA06}"
EndProject
Project("{9A19103F-16F7-4668-BE54-9A1E7A4F7556}") = "ConsoleUI", "ConsoleUI\ConsoleUI.csproj", "{34DBB7E2-6D38-4806-8572-D840C4603106}"
EndProject
Project("{9A19103F-16F7-4668-BE54-9A1E7A4F7556}") = "Core", "Core\Core.csproj", "{677876E3-445D-4FF0-9385-9895D1CF1E4B}"
EndProject
Project("{FAE04EC0-301F-11D3-BF4B-00C04F79EFBC}") = "WebAPI", "WebAPI\WebAPI.csproj", "{EFE35141-1353-4099-9084-4CDCD2508C32}"
EndProject
Global
	GlobalSection(SolutionConfigurationPlatforms) = preSolution
		Debug|Any CPU = Debug|Any CPU
		Release|Any CPU = Release|Any CPU
	EndGlobalSection
	GlobalSection(ProjectConfigurationPlatforms) = postSolution
		{3CB399BF-0DAD-4F72-A585-06003535D590}.Debug|Any CPU.ActiveCfg = Debug|Any CPU
		{3CB399BF-0DAD-4F72-A585-06003535D590}.Debug|Any CPU.Build.0 = Debug|Any CPU
		{3CB399BF-0DAD-4F72-A585-06003535D590}.Release|Any CPU.ActiveCfg = Release|Any CPU
		{3CB399BF-0DAD-4F72-A585-06003535D590}.Release|Any CPU.Build.0 = Release|Any CPU
		{5D509D84-B4B7-4497-A978-41CE5F4ABE05}.Debug|Any CPU.ActiveCfg = Debug|Any CPU
		{5D509D84-B4B7-4497-A978-41CE5F4ABE05}.Debug|Any CPU.Build.0 = Debug|Any CPU
		{5D509D84-B4B7-4497-A978-41CE5F4ABE05}.Release|Any CPU.ActiveCfg = Release|Any CPU
		{5D509D84-B4B7-4497-A978-41CE5F4ABE05}.Release|Any CPU.Build.0 = Release|Any CPU
		{FEC0F78B-0FB7-4414-AE93-80AD99C1EA06}.Debug|Any CPU.ActiveCfg = Debug|Any CPU
		{FEC0F78B-0FB7-4414-AE93-80AD99C1EA06}.Debug|Any CPU.Build.0 = Debug|Any CPU
		{FEC0F78B-0FB7-4414-AE93-80AD99C1EA06}.Release|Any CPU.ActiveCfg = Release|Any CPU
		{FEC0F78B-0FB7-4414-AE93-80AD99C1EA06}.Release|Any CPU.Build.0 = Release|Any CPU
		{34DBB7E2-6D38-4806-8572-D840C4603106}.Debug|Any CPU.ActiveCfg = Debug|Any CPU
		{34DBB7E2-6D38-4806-8572-D840C4603106}.Debug|Any CPU.Build.0 = Debug|Any CPU
		{34DBB7E2-6D38-4806-8572-D840C4603106}.Release|Any CPU.ActiveCfg = Release|Any CPU
		{34DBB7E2-6D38-4806-8572-D840C4603106}.Release|Any CPU.Build.0 = Release|Any CPU
		{677876E3-445D-4FF0-9385-9895D1CF1E4B}.Debug|Any CPU.ActiveCfg = Debug|Any CPU
		{677876E3-445D-4FF0-9385-9895D1CF1E4B}.Debug|Any CPU.Build.0 = Debug|Any CPU
		{677876E3-445D-4FF0-9385-9895D1CF1E4B}.Release|Any CPU.ActiveCfg = Release|Any CPU
		{677876E3-445D-4FF0-9385-9895D1CF1E4B}.Release|Any CPU.Build.0 = Release|Any CPU
		{EFE35141-1353-4099-9084-4CDCD2508C32}.Debug|Any CPU.ActiveCfg = Debug|Any CPU
		{EFE35141-1353-4099-9084-4CDCD2508C32}.Debug|Any CPU.Build.0 = Debug|Any CPU
		{EFE35141-1353-4099-9084-4CDCD2508C32}.Release|Any CPU.ActiveCfg = Release|Any CPU
		{EFE35141-1353-4099-9084-4CDCD2508C32}.Release|Any CPU.Build.0 = Release|Any CPU
	EndGlobalSection
	GlobalSection(SolutionProperties) = preSolution
		HideSolutionNode = FALSE
	EndGlobalSection
	GlobalSection(ExtensibilityGlobals) = postSolution
		SolutionGuid = {F5578E07-B860-4A28-998D-1F9290F728F5}
	EndGlobalSection
EndGlobal
